
Microsoft Visual Studio Solution File, Format Version 12.00
# Visual Studio Version 17
VisualStudioVersion = 17.0.31903.59
MinimumVisualStudioVersion = 10.0.40219.1
Project("{2150E333-8FDC-42A3-9474-1A3956D46DE8}") = "src", "src", "{827E0CD3-B72D-47B6-A68D-7590B98EB39B}"
EndProject
Project("{FAE04EC0-301F-11D3-BF4B-00C04F79EFBC}") = "Acme.TestCaseManagement.Application", "src\Acme.TestCaseManagement.Application\Acme.TestCaseManagement.Application.csproj", "{3B36449E-D4C2-4C83-92AF-F96D9C3D2834}"
EndProject
Project("{FAE04EC0-301F-11D3-BF4B-00C04F79EFBC}") = "Acme.TestCaseManagement.Domain", "src\Acme.TestCaseManagement.Domain\Acme.TestCaseManagement.Domain.csproj", "{F6926E9B-B19A-4701-8185-F381645E3A76}"
EndProject
Project("{FAE04EC0-301F-11D3-BF4B-00C04F79EFBC}") = "Acme.TestCaseManagement.Domain.Shared", "src\Acme.TestCaseManagement.Domain.Shared\Acme.TestCaseManagement.Domain.Shared.csproj", "{0CCE6D8B-89D0-4069-9AB3-97B035740DA2}"
EndProject
Project("{FAE04EC0-301F-11D3-BF4B-00C04F79EFBC}") = "Acme.TestCaseManagement.Application.Contracts", "src\Acme.TestCaseManagement.Application.Contracts\Acme.TestCaseManagement.Application.Contracts.csproj", "{A2B9052F-553B-442A-BB8D-AB865D3324DC}"
EndProject
Project("{FAE04EC0-301F-11D3-BF4B-00C04F79EFBC}") = "Acme.TestCaseManagement.EntityFrameworkCore", "src\Acme.TestCaseManagement.EntityFrameworkCore\Acme.TestCaseManagement.EntityFrameworkCore.csproj", "{73424649-DEC2-4CDC-A189-16C5A831CE0C}"
EndProject
Project("{FAE04EC0-301F-11D3-BF4B-00C04F79EFBC}") = "Acme.TestCaseManagement.HttpApi", "src\Acme.TestCaseManagement.HttpApi\Acme.TestCaseManagement.HttpApi.csproj", "{69C5B06A-7DD4-42EB-87D3-BB13D67D0471}"
EndProject
Project("{2150E333-8FDC-42A3-9474-1A3956D46DE8}") = "test", "test", "{0C88DD14-F956-CE84-757C-A364CCF449FC}"
EndProject
Project("{FAE04EC0-301F-11D3-BF4B-00C04F79EFBC}") = "Acme.TestCaseManagement.Application.Tests", "test\Acme.TestCaseManagement.Application.Tests\Acme.TestCaseManagement.Application.Tests.csproj", "{4FA4FFE5-2D5B-447A-BD6C-2C728193466B}"
EndProject
Project("{FAE04EC0-301F-11D3-BF4B-00C04F79EFBC}") = "Acme.TestCaseManagement.TestBase", "test\Acme.TestCaseManagement.TestBase\Acme.TestCaseManagement.TestBase.csproj", "{13261599-2A47-4134-BC8B-23394E813218}"
EndProject
Project("{FAE04EC0-301F-11D3-BF4B-00C04F79EFBC}") = "Acme.TestCaseManagement.Domain.Tests", "test\Acme.TestCaseManagement.Domain.Tests\Acme.TestCaseManagement.Domain.Tests.csproj", "{2A72851A-903C-4F76-8A91-DC0EFB90227F}"
EndProject
Project("{2150E333-8FDC-42A3-9474-1A3956D46DE8}") = "host", "host", "{7226ABEA-787E-1D09-10EA-A2ECF996D6A6}"
EndProject
Project("{FAE04EC0-301F-11D3-BF4B-00C04F79EFBC}") = "Acme.TestCaseManagement.HttpApi.Host", "host\Acme.TestCaseManagement.HttpApi.Host\Acme.TestCaseManagement.HttpApi.Host.csproj", "{E0CF12C0-F51D-44D3-AB08-3378A79CEAD3}"
EndProject
Project("{FAE04EC0-301F-11D3-BF4B-00C04F79EFBC}") = "Acme.TestCaseManagement.HttpApi.Tests", "test\Acme.TestCaseManagement.HttpApi.Tests\Acme.TestCaseManagement.HttpApi.Tests.csproj", "{8C60B94D-CF09-4DB1-9A65-F0BF6DF314CA}"
EndProject
Global
	GlobalSection(SolutionConfigurationPlatforms) = preSolution
		Debug|Any CPU = Debug|Any CPU
		Debug|x64 = Debug|x64
		Debug|x86 = Debug|x86
		Release|Any CPU = Release|Any CPU
		Release|x64 = Release|x64
		Release|x86 = Release|x86
	EndGlobalSection
	GlobalSection(ProjectConfigurationPlatforms) = postSolution
		{3B36449E-D4C2-4C83-92AF-F96D9C3D2834}.Debug|Any CPU.ActiveCfg = Debug|Any CPU
		{3B36449E-D4C2-4C83-92AF-F96D9C3D2834}.Debug|Any CPU.Build.0 = Debug|Any CPU
		{3B36449E-D4C2-4C83-92AF-F96D9C3D2834}.Debug|x64.ActiveCfg = Debug|Any CPU
		{3B36449E-D4C2-4C83-92AF-F96D9C3D2834}.Debug|x64.Build.0 = Debug|Any CPU
		{3B36449E-D4C2-4C83-92AF-F96D9C3D2834}.Debug|x86.ActiveCfg = Debug|Any CPU
		{3B36449E-D4C2-4C83-92AF-F96D9C3D2834}.Debug|x86.Build.0 = Debug|Any CPU
		{3B36449E-D4C2-4C83-92AF-F96D9C3D2834}.Release|Any CPU.ActiveCfg = Release|Any CPU
		{3B36449E-D4C2-4C83-92AF-F96D9C3D2834}.Release|Any CPU.Build.0 = Release|Any CPU
		{3B36449E-D4C2-4C83-92AF-F96D9C3D2834}.Release|x64.ActiveCfg = Release|Any CPU
		{3B36449E-D4C2-4C83-92AF-F96D9C3D2834}.Release|x64.Build.0 = Release|Any CPU
		{3B36449E-D4C2-4C83-92AF-F96D9C3D2834}.Release|x86.ActiveCfg = Release|Any CPU
		{3B36449E-D4C2-4C83-92AF-F96D9C3D2834}.Release|x86.Build.0 = Release|Any CPU
		{F6926E9B-B19A-4701-8185-F381645E3A76}.Debug|Any CPU.ActiveCfg = Debug|Any CPU
		{F6926E9B-B19A-4701-8185-F381645E3A76}.Debug|Any CPU.Build.0 = Debug|Any CPU
		{F6926E9B-B19A-4701-8185-F381645E3A76}.Debug|x64.ActiveCfg = Debug|Any CPU
		{F6926E9B-B19A-4701-8185-F381645E3A76}.Debug|x64.Build.0 = Debug|Any CPU
		{F6926E9B-B19A-4701-8185-F381645E3A76}.Debug|x86.ActiveCfg = Debug|Any CPU
		{F6926E9B-B19A-4701-8185-F381645E3A76}.Debug|x86.Build.0 = Debug|Any CPU
		{F6926E9B-B19A-4701-8185-F381645E3A76}.Release|Any CPU.ActiveCfg = Release|Any CPU
		{F6926E9B-B19A-4701-8185-F381645E3A76}.Release|Any CPU.Build.0 = Release|Any CPU
		{F6926E9B-B19A-4701-8185-F381645E3A76}.Release|x64.ActiveCfg = Release|Any CPU
		{F6926E9B-B19A-4701-8185-F381645E3A76}.Release|x64.Build.0 = Release|Any CPU
		{F6926E9B-B19A-4701-8185-F381645E3A76}.Release|x86.ActiveCfg = Release|Any CPU
		{F6926E9B-B19A-4701-8185-F381645E3A76}.Release|x86.Build.0 = Release|Any CPU
		{0CCE6D8B-89D0-4069-9AB3-97B035740DA2}.Debug|Any CPU.ActiveCfg = Debug|Any CPU
		{0CCE6D8B-89D0-4069-9AB3-97B035740DA2}.Debug|Any CPU.Build.0 = Debug|Any CPU
		{0CCE6D8B-89D0-4069-9AB3-97B035740DA2}.Debug|x64.ActiveCfg = Debug|Any CPU
		{0CCE6D8B-89D0-4069-9AB3-97B035740DA2}.Debug|x64.Build.0 = Debug|Any CPU
		{0CCE6D8B-89D0-4069-9AB3-97B035740DA2}.Debug|x86.ActiveCfg = Debug|Any CPU
		{0CCE6D8B-89D0-4069-9AB3-97B035740DA2}.Debug|x86.Build.0 = Debug|Any CPU
		{0CCE6D8B-89D0-4069-9AB3-97B035740DA2}.Release|Any CPU.ActiveCfg = Release|Any CPU
		{0CCE6D8B-89D0-4069-9AB3-97B035740DA2}.Release|Any CPU.Build.0 = Release|Any CPU
		{0CCE6D8B-89D0-4069-9AB3-97B035740DA2}.Release|x64.ActiveCfg = Release|Any CPU
		{0CCE6D8B-89D0-4069-9AB3-97B035740DA2}.Release|x64.Build.0 = Release|Any CPU
		{0CCE6D8B-89D0-4069-9AB3-97B035740DA2}.Release|x86.ActiveCfg = Release|Any CPU
		{0CCE6D8B-89D0-4069-9AB3-97B035740DA2}.Release|x86.Build.0 = Release|Any CPU
		{A2B9052F-553B-442A-BB8D-AB865D3324DC}.Debug|Any CPU.ActiveCfg = Debug|Any CPU
		{A2B9052F-553B-442A-BB8D-AB865D3324DC}.Debug|Any CPU.Build.0 = Debug|Any CPU
		{A2B9052F-553B-442A-BB8D-AB865D3324DC}.Debug|x64.ActiveCfg = Debug|Any CPU
		{A2B9052F-553B-442A-BB8D-AB865D3324DC}.Debug|x64.Build.0 = Debug|Any CPU
		{A2B9052F-553B-442A-BB8D-AB865D3324DC}.Debug|x86.ActiveCfg = Debug|Any CPU
		{A2B9052F-553B-442A-BB8D-AB865D3324DC}.Debug|x86.Build.0 = Debug|Any CPU
		{A2B9052F-553B-442A-BB8D-AB865D3324DC}.Release|Any CPU.ActiveCfg = Release|Any CPU
		{A2B9052F-553B-442A-BB8D-AB865D3324DC}.Release|Any CPU.Build.0 = Release|Any CPU
		{A2B9052F-553B-442A-BB8D-AB865D3324DC}.Release|x64.ActiveCfg = Release|Any CPU
		{A2B9052F-553B-442A-BB8D-AB865D3324DC}.Release|x64.Build.0 = Release|Any CPU
		{A2B9052F-553B-442A-BB8D-AB865D3324DC}.Release|x86.ActiveCfg = Release|Any CPU
		{A2B9052F-553B-442A-BB8D-AB865D3324DC}.Release|x86.Build.0 = Release|Any CPU
		{73424649-DEC2-4CDC-A189-16C5A831CE0C}.Debug|Any CPU.ActiveCfg = Debug|Any CPU
		{73424649-DEC2-4CDC-A189-16C5A831CE0C}.Debug|Any CPU.Build.0 = Debug|Any CPU
		{73424649-DEC2-4CDC-A189-16C5A831CE0C}.Debug|x64.ActiveCfg = Debug|Any CPU
		{73424649-DEC2-4CDC-A189-16C5A831CE0C}.Debug|x64.Build.0 = Debug|Any CPU
		{73424649-DEC2-4CDC-A189-16C5A831CE0C}.Debug|x86.ActiveCfg = Debug|Any CPU
		{73424649-DEC2-4CDC-A189-16C5A831CE0C}.Debug|x86.Build.0 = Debug|Any CPU
		{73424649-DEC2-4CDC-A189-16C5A831CE0C}.Release|Any CPU.ActiveCfg = Release|Any CPU
		{73424649-DEC2-4CDC-A189-16C5A831CE0C}.Release|Any CPU.Build.0 = Release|Any CPU
		{73424649-DEC2-4CDC-A189-16C5A831CE0C}.Release|x64.ActiveCfg = Release|Any CPU
		{73424649-DEC2-4CDC-A189-16C5A831CE0C}.Release|x64.Build.0 = Release|Any CPU
		{73424649-DEC2-4CDC-A189-16C5A831CE0C}.Release|x86.ActiveCfg = Release|Any CPU
		{73424649-DEC2-4CDC-A189-16C5A831CE0C}.Release|x86.Build.0 = Release|Any CPU
		{69C5B06A-7DD4-42EB-87D3-BB13D67D0471}.Debug|Any CPU.ActiveCfg = Debug|Any CPU
		{69C5B06A-7DD4-42EB-87D3-BB13D67D0471}.Debug|Any CPU.Build.0 = Debug|Any CPU
		{69C5B06A-7DD4-42EB-87D3-BB13D67D0471}.Debug|x64.ActiveCfg = Debug|Any CPU
		{69C5B06A-7DD4-42EB-87D3-BB13D67D0471}.Debug|x64.Build.0 = Debug|Any CPU
		{69C5B06A-7DD4-42EB-87D3-BB13D67D0471}.Debug|x86.ActiveCfg = Debug|Any CPU
		{69C5B06A-7DD4-42EB-87D3-BB13D67D0471}.Debug|x86.Build.0 = Debug|Any CPU
		{69C5B06A-7DD4-42EB-87D3-BB13D67D0471}.Release|Any CPU.ActiveCfg = Release|Any CPU
		{69C5B06A-7DD4-42EB-87D3-BB13D67D0471}.Release|Any CPU.Build.0 = Release|Any CPU
		{69C5B06A-7DD4-42EB-87D3-BB13D67D0471}.Release|x64.ActiveCfg = Release|Any CPU
		{69C5B06A-7DD4-42EB-87D3-BB13D67D0471}.Release|x64.Build.0 = Release|Any CPU
		{69C5B06A-7DD4-42EB-87D3-BB13D67D0471}.Release|x86.ActiveCfg = Release|Any CPU
		{69C5B06A-7DD4-42EB-87D3-BB13D67D0471}.Release|x86.Build.0 = Release|Any CPU
		{4FA4FFE5-2D5B-447A-BD6C-2C728193466B}.Debug|Any CPU.ActiveCfg = Debug|Any CPU
		{4FA4FFE5-2D5B-447A-BD6C-2C728193466B}.Debug|Any CPU.Build.0 = Debug|Any CPU
		{4FA4FFE5-2D5B-447A-BD6C-2C728193466B}.Debug|x64.ActiveCfg = Debug|Any CPU
		{4FA4FFE5-2D5B-447A-BD6C-2C728193466B}.Debug|x64.Build.0 = Debug|Any CPU
		{4FA4FFE5-2D5B-447A-BD6C-2C728193466B}.Debug|x86.ActiveCfg = Debug|Any CPU
		{4FA4FFE5-2D5B-447A-BD6C-2C728193466B}.Debug|x86.Build.0 = Debug|Any CPU
		{4FA4FFE5-2D5B-447A-BD6C-2C728193466B}.Release|Any CPU.ActiveCfg = Release|Any CPU
		{4FA4FFE5-2D5B-447A-BD6C-2C728193466B}.Release|Any CPU.Build.0 = Release|Any CPU
		{4FA4FFE5-2D5B-447A-BD6C-2C728193466B}.Release|x64.ActiveCfg = Release|Any CPU
		{4FA4FFE5-2D5B-447A-BD6C-2C728193466B}.Release|x64.Build.0 = Release|Any CPU
		{4FA4FFE5-2D5B-447A-BD6C-2C728193466B}.Release|x86.ActiveCfg = Release|Any CPU
		{4FA4FFE5-2D5B-447A-BD6C-2C728193466B}.Release|x86.Build.0 = Release|Any CPU
		{13261599-2A47-4134-BC8B-23394E813218}.Debug|Any CPU.ActiveCfg = Debug|Any CPU
		{13261599-2A47-4134-BC8B-23394E813218}.Debug|Any CPU.Build.0 = Debug|Any CPU
		{13261599-2A47-4134-BC8B-23394E813218}.Debug|x64.ActiveCfg = Debug|Any CPU
		{13261599-2A47-4134-BC8B-23394E813218}.Debug|x64.Build.0 = Debug|Any CPU
		{13261599-2A47-4134-BC8B-23394E813218}.Debug|x86.ActiveCfg = Debug|Any CPU
		{13261599-2A47-4134-BC8B-23394E813218}.Debug|x86.Build.0 = Debug|Any CPU
		{13261599-2A47-4134-BC8B-23394E813218}.Release|Any CPU.ActiveCfg = Release|Any CPU
		{13261599-2A47-4134-BC8B-23394E813218}.Release|Any CPU.Build.0 = Release|Any CPU
		{13261599-2A47-4134-BC8B-23394E813218}.Release|x64.ActiveCfg = Release|Any CPU
		{13261599-2A47-4134-BC8B-23394E813218}.Release|x64.Build.0 = Release|Any CPU
		{13261599-2A47-4134-BC8B-23394E813218}.Release|x86.ActiveCfg = Release|Any CPU
		{13261599-2A47-4134-BC8B-23394E813218}.Release|x86.Build.0 = Release|Any CPU
		{2A72851A-903C-4F76-8A91-DC0EFB90227F}.Debug|Any CPU.ActiveCfg = Debug|Any CPU
		{2A72851A-903C-4F76-8A91-DC0EFB90227F}.Debug|Any CPU.Build.0 = Debug|Any CPU
		{2A72851A-903C-4F76-8A91-DC0EFB90227F}.Debug|x64.ActiveCfg = Debug|Any CPU
		{2A72851A-903C-4F76-8A91-DC0EFB90227F}.Debug|x64.Build.0 = Debug|Any CPU
		{2A72851A-903C-4F76-8A91-DC0EFB90227F}.Debug|x86.ActiveCfg = Debug|Any CPU
		{2A72851A-903C-4F76-8A91-DC0EFB90227F}.Debug|x86.Build.0 = Debug|Any CPU
		{2A72851A-903C-4F76-8A91-DC0EFB90227F}.Release|Any CPU.ActiveCfg = Release|Any CPU
		{2A72851A-903C-4F76-8A91-DC0EFB90227F}.Release|Any CPU.Build.0 = Release|Any CPU
		{2A72851A-903C-4F76-8A91-DC0EFB90227F}.Release|x64.ActiveCfg = Release|Any CPU
		{2A72851A-903C-4F76-8A91-DC0EFB90227F}.Release|x64.Build.0 = Release|Any CPU
		{2A72851A-903C-4F76-8A91-DC0EFB90227F}.Release|x86.ActiveCfg = Release|Any CPU
		{2A72851A-903C-4F76-8A91-DC0EFB90227F}.Release|x86.Build.0 = Release|Any CPU
		{E0CF12C0-F51D-44D3-AB08-3378A79CEAD3}.Debug|Any CPU.ActiveCfg = Debug|Any CPU
		{E0CF12C0-F51D-44D3-AB08-3378A79CEAD3}.Debug|Any CPU.Build.0 = Debug|Any CPU
		{E0CF12C0-F51D-44D3-AB08-3378A79CEAD3}.Debug|x64.ActiveCfg = Debug|Any CPU
		{E0CF12C0-F51D-44D3-AB08-3378A79CEAD3}.Debug|x64.Build.0 = Debug|Any CPU
		{E0CF12C0-F51D-44D3-AB08-3378A79CEAD3}.Debug|x86.ActiveCfg = Debug|Any CPU
		{E0CF12C0-F51D-44D3-AB08-3378A79CEAD3}.Debug|x86.Build.0 = Debug|Any CPU
		{E0CF12C0-F51D-44D3-AB08-3378A79CEAD3}.Release|Any CPU.ActiveCfg = Release|Any CPU
		{E0CF12C0-F51D-44D3-AB08-3378A79CEAD3}.Release|Any CPU.Build.0 = Release|Any CPU
		{E0CF12C0-F51D-44D3-AB08-3378A79CEAD3}.Release|x64.ActiveCfg = Release|Any CPU
		{E0CF12C0-F51D-44D3-AB08-3378A79CEAD3}.Release|x64.Build.0 = Release|Any CPU
		{E0CF12C0-F51D-44D3-AB08-3378A79CEAD3}.Release|x86.ActiveCfg = Release|Any CPU
		{E0CF12C0-F51D-44D3-AB08-3378A79CEAD3}.Release|x86.Build.0 = Release|Any CPU
		{8C60B94D-CF09-4DB1-9A65-F0BF6DF314CA}.Debug|Any CPU.ActiveCfg = Debug|Any CPU
		{8C60B94D-CF09-4DB1-9A65-F0BF6DF314CA}.Debug|Any CPU.Build.0 = Debug|Any CPU
		{8C60B94D-CF09-4DB1-9A65-F0BF6DF314CA}.Debug|x64.ActiveCfg = Debug|Any CPU
		{8C60B94D-CF09-4DB1-9A65-F0BF6DF314CA}.Debug|x64.Build.0 = Debug|Any CPU
		{8C60B94D-CF09-4DB1-9A65-F0BF6DF314CA}.Debug|x86.ActiveCfg = Debug|Any CPU
		{8C60B94D-CF09-4DB1-9A65-F0BF6DF314CA}.Debug|x86.Build.0 = Debug|Any CPU
		{8C60B94D-CF09-4DB1-9A65-F0BF6DF314CA}.Release|Any CPU.ActiveCfg = Release|Any CPU
		{8C60B94D-CF09-4DB1-9A65-F0BF6DF314CA}.Release|Any CPU.Build.0 = Release|Any CPU
		{8C60B94D-CF09-4DB1-9A65-F0BF6DF314CA}.Release|x64.ActiveCfg = Release|Any CPU
		{8C60B94D-CF09-4DB1-9A65-F0BF6DF314CA}.Release|x64.Build.0 = Release|Any CPU
		{8C60B94D-CF09-4DB1-9A65-F0BF6DF314CA}.Release|x86.ActiveCfg = Release|Any CPU
		{8C60B94D-CF09-4DB1-9A65-F0BF6DF314CA}.Release|x86.Build.0 = Release|Any CPU
	EndGlobalSection
	GlobalSection(SolutionProperties) = preSolution
		HideSolutionNode = FALSE
	EndGlobalSection
	GlobalSection(NestedProjects) = preSolution
		{3B36449E-D4C2-4C83-92AF-F96D9C3D2834} = {827E0CD3-B72D-47B6-A68D-7590B98EB39B}
		{F6926E9B-B19A-4701-8185-F381645E3A76} = {827E0CD3-B72D-47B6-A68D-7590B98EB39B}
		{0CCE6D8B-89D0-4069-9AB3-97B035740DA2} = {827E0CD3-B72D-47B6-A68D-7590B98EB39B}
		{A2B9052F-553B-442A-BB8D-AB865D3324DC} = {827E0CD3-B72D-47B6-A68D-7590B98EB39B}
		{73424649-DEC2-4CDC-A189-16C5A831CE0C} = {827E0CD3-B72D-47B6-A68D-7590B98EB39B}
		{69C5B06A-7DD4-42EB-87D3-BB13D67D0471} = {827E0CD3-B72D-47B6-A68D-7590B98EB39B}
		{4FA4FFE5-2D5B-447A-BD6C-2C728193466B} = {0C88DD14-F956-CE84-757C-A364CCF449FC}
		{13261599-2A47-4134-BC8B-23394E813218} = {0C88DD14-F956-CE84-757C-A364CCF449FC}
		{2A72851A-903C-4F76-8A91-DC0EFB90227F} = {0C88DD14-F956-CE84-757C-A364CCF449FC}
		{E0CF12C0-F51D-44D3-AB08-3378A79CEAD3} = {7226ABEA-787E-1D09-10EA-A2ECF996D6A6}
		{8C60B94D-CF09-4DB1-9A65-F0BF6DF314CA} = {0C88DD14-F956-CE84-757C-A364CCF449FC}
	EndGlobalSection
EndGlobal
